
Microsoft Visual Studio Solution File, Format Version 12.00
# Visual Studio Version 17
VisualStudioVersion = 17.7.34009.444
MinimumVisualStudioVersion = 10.0.40219.1
Project("{FAE04EC0-301F-11D3-BF4B-00C04F79EFBC}") = "Projeto-Backend-MF", "Projeto-Backend-MF\Projeto-Backend-MF.csproj", "{CD2497A7-2748-4727-8A5D-C770E1A426DD}"
EndProject
Global
	GlobalSection(SolutionConfigurationPlatforms) = preSolution
		Debug|Any CPU = Debug|Any CPU
		Release|Any CPU = Release|Any CPU
	EndGlobalSection
	GlobalSection(ProjectConfigurationPlatforms) = postSolution
		{CD2497A7-2748-4727-8A5D-C770E1A426DD}.Debug|Any CPU.ActiveCfg = Debug|Any CPU
		{CD2497A7-2748-4727-8A5D-C770E1A426DD}.Debug|Any CPU.Build.0 = Debug|Any CPU
		{CD2497A7-2748-4727-8A5D-C770E1A426DD}.Release|Any CPU.ActiveCfg = Release|Any CPU
		{CD2497A7-2748-4727-8A5D-C770E1A426DD}.Release|Any CPU.Build.0 = Release|Any CPU
	EndGlobalSection
	GlobalSection(SolutionProperties) = preSolution
		HideSolutionNode = FALSE
	EndGlobalSection
	GlobalSection(ExtensibilityGlobals) = postSolution
		SolutionGuid = {79FEEBBF-A74C-4313-9DA0-1DFA0C24850E}
	EndGlobalSection
EndGlobal
